
Microsoft Visual Studio Solution File, Format Version 12.00
# Visual Studio Version 17
VisualStudioVersion = 17.14.36203.30 d17.14
MinimumVisualStudioVersion = 10.0.40219.1
Project("{FAE04EC0-301F-11D3-BF4B-00C04F79EFBC}") = "HTQL_DiemRenLuyenSinhVien", "HTQL_DiemRenLuyenSinhVien\HTQL_DiemRenLuyenSinhVien.csproj", "{0100729B-3F7C-4ED8-95B6-0806CB2F63D8}"
EndProject
Global
	GlobalSection(SolutionConfigurationPlatforms) = preSolution
		Debug|Any CPU = Debug|Any CPU
		Release|Any CPU = Release|Any CPU
	EndGlobalSection
	GlobalSection(ProjectConfigurationPlatforms) = postSolution
		{0100729B-3F7C-4ED8-95B6-0806CB2F63D8}.Debug|Any CPU.ActiveCfg = Debug|Any CPU
		{0100729B-3F7C-4ED8-95B6-0806CB2F63D8}.Debug|Any CPU.Build.0 = Debug|Any CPU
		{0100729B-3F7C-4ED8-95B6-0806CB2F63D8}.Release|Any CPU.ActiveCfg = Release|Any CPU
		{0100729B-3F7C-4ED8-95B6-0806CB2F63D8}.Release|Any CPU.Build.0 = Release|Any CPU
	EndGlobalSection
	GlobalSection(SolutionProperties) = preSolution
		HideSolutionNode = FALSE
	EndGlobalSection
	GlobalSection(ExtensibilityGlobals) = postSolution
		SolutionGuid = {06E82E0C-CA58-4D30-92D6-EF5949165388}
	EndGlobalSection
EndGlobal
